
Microsoft Visual Studio Solution File, Format Version 12.00
# Visual Studio Version 16
VisualStudioVersion = 16.0.29411.108
MinimumVisualStudioVersion = 10.0.40219.1
Project("{FAE04EC0-301F-11D3-BF4B-00C04F79EFBC}") = "manyMethods", "manyMethods\manyMethods.csproj", "{4643C34B-4467-4791-B90F-4A49BED35538}"
EndProject
Project("{FAE04EC0-301F-11D3-BF4B-00C04F79EFBC}") = "pigLatin", "pigLatin\pigLatin.csproj", "{5166FA5C-38A3-4063-82A3-34C874B78AEB}"
EndProject
Project("{FAE04EC0-301F-11D3-BF4B-00C04F79EFBC}") = "rockPaperScissors", "rockPaperScissors\rockPaperScissors.csproj", "{65D78DE2-BEE4-45C0-9EC5-C9062FE3A0E6}"
EndProject
Project("{FAE04EC0-301F-11D3-BF4B-00C04F79EFBC}") = "ticTacToe", "ticTacToe\ticTacToe.csproj", "{77248D8F-B184-4E0E-AFD3-D05DA33641BC}"
EndProject
Project("{FAE04EC0-301F-11D3-BF4B-00C04F79EFBC}") = "masterMind", "masterMind\masterMind.csproj", "{01C02EBF-397B-4145-BF92-B7090E15B257}"
EndProject
Project("{FAE04EC0-301F-11D3-BF4B-00C04F79EFBC}") = "gradeBook", "gradeBook\gradeBook.csproj", "{944879FD-15DB-431E-AA62-76B3E1DA42C7}"
EndProject
Project("{FAE04EC0-301F-11D3-BF4B-00C04F79EFBC}") = "towersOfHanoi", "towersOfHanoi\towersOfHanoi.csproj", "{204AF7B8-14FA-4DA7-B116-E5274CFF34EE}"
EndProject
Global
	GlobalSection(SolutionConfigurationPlatforms) = preSolution
		Debug|Any CPU = Debug|Any CPU
		Release|Any CPU = Release|Any CPU
	EndGlobalSection
	GlobalSection(ProjectConfigurationPlatforms) = postSolution
		{4643C34B-4467-4791-B90F-4A49BED35538}.Debug|Any CPU.ActiveCfg = Debug|Any CPU
		{4643C34B-4467-4791-B90F-4A49BED35538}.Debug|Any CPU.Build.0 = Debug|Any CPU
		{4643C34B-4467-4791-B90F-4A49BED35538}.Release|Any CPU.ActiveCfg = Release|Any CPU
		{4643C34B-4467-4791-B90F-4A49BED35538}.Release|Any CPU.Build.0 = Release|Any CPU
		{5166FA5C-38A3-4063-82A3-34C874B78AEB}.Debug|Any CPU.ActiveCfg = Debug|Any CPU
		{5166FA5C-38A3-4063-82A3-34C874B78AEB}.Debug|Any CPU.Build.0 = Debug|Any CPU
		{5166FA5C-38A3-4063-82A3-34C874B78AEB}.Release|Any CPU.ActiveCfg = Release|Any CPU
		{5166FA5C-38A3-4063-82A3-34C874B78AEB}.Release|Any CPU.Build.0 = Release|Any CPU
		{65D78DE2-BEE4-45C0-9EC5-C9062FE3A0E6}.Debug|Any CPU.ActiveCfg = Debug|Any CPU
		{65D78DE2-BEE4-45C0-9EC5-C9062FE3A0E6}.Debug|Any CPU.Build.0 = Debug|Any CPU
		{65D78DE2-BEE4-45C0-9EC5-C9062FE3A0E6}.Release|Any CPU.ActiveCfg = Release|Any CPU
		{65D78DE2-BEE4-45C0-9EC5-C9062FE3A0E6}.Release|Any CPU.Build.0 = Release|Any CPU
		{77248D8F-B184-4E0E-AFD3-D05DA33641BC}.Debug|Any CPU.ActiveCfg = Debug|Any CPU
		{77248D8F-B184-4E0E-AFD3-D05DA33641BC}.Debug|Any CPU.Build.0 = Debug|Any CPU
		{77248D8F-B184-4E0E-AFD3-D05DA33641BC}.Release|Any CPU.ActiveCfg = Release|Any CPU
		{77248D8F-B184-4E0E-AFD3-D05DA33641BC}.Release|Any CPU.Build.0 = Release|Any CPU
		{01C02EBF-397B-4145-BF92-B7090E15B257}.Debug|Any CPU.ActiveCfg = Debug|Any CPU
		{01C02EBF-397B-4145-BF92-B7090E15B257}.Debug|Any CPU.Build.0 = Debug|Any CPU
		{01C02EBF-397B-4145-BF92-B7090E15B257}.Release|Any CPU.ActiveCfg = Release|Any CPU
		{01C02EBF-397B-4145-BF92-B7090E15B257}.Release|Any CPU.Build.0 = Release|Any CPU
		{944879FD-15DB-431E-AA62-76B3E1DA42C7}.Debug|Any CPU.ActiveCfg = Debug|Any CPU
		{944879FD-15DB-431E-AA62-76B3E1DA42C7}.Debug|Any CPU.Build.0 = Debug|Any CPU
		{944879FD-15DB-431E-AA62-76B3E1DA42C7}.Release|Any CPU.ActiveCfg = Release|Any CPU
		{944879FD-15DB-431E-AA62-76B3E1DA42C7}.Release|Any CPU.Build.0 = Release|Any CPU
		{204AF7B8-14FA-4DA7-B116-E5274CFF34EE}.Debug|Any CPU.ActiveCfg = Debug|Any CPU
		{204AF7B8-14FA-4DA7-B116-E5274CFF34EE}.Debug|Any CPU.Build.0 = Debug|Any CPU
		{204AF7B8-14FA-4DA7-B116-E5274CFF34EE}.Release|Any CPU.ActiveCfg = Release|Any CPU
		{204AF7B8-14FA-4DA7-B116-E5274CFF34EE}.Release|Any CPU.Build.0 = Release|Any CPU
	EndGlobalSection
	GlobalSection(SolutionProperties) = preSolution
		HideSolutionNode = FALSE
	EndGlobalSection
	GlobalSection(ExtensibilityGlobals) = postSolution
		SolutionGuid = {45E03CFB-AFFB-4E9D-A495-EBCBC86188BB}
	EndGlobalSection
EndGlobal
